
Microsoft Visual Studio Solution File, Format Version 12.00
# Visual Studio 15
VisualStudioVersion = 15.0.27130.2027
MinimumVisualStudioVersion = 10.0.40219.1
Project("{FAE04EC0-301F-11D3-BF4B-00C04F79EFBC}") = "FileWinSvcWebApi", "FileWinSvcWebApi\FileWinSvcWebApi.csproj", "{CC7A5E6D-CFF0-46E5-AF17-F79917080C12}"
EndProject
Global
	GlobalSection(SolutionConfigurationPlatforms) = preSolution
		Debug|Any CPU = Debug|Any CPU
		Release|Any CPU = Release|Any CPU
	EndGlobalSection
	GlobalSection(ProjectConfigurationPlatforms) = postSolution
		{CC7A5E6D-CFF0-46E5-AF17-F79917080C12}.Debug|Any CPU.ActiveCfg = Debug|Any CPU
		{CC7A5E6D-CFF0-46E5-AF17-F79917080C12}.Debug|Any CPU.Build.0 = Debug|Any CPU
		{CC7A5E6D-CFF0-46E5-AF17-F79917080C12}.Release|Any CPU.ActiveCfg = Release|Any CPU
		{CC7A5E6D-CFF0-46E5-AF17-F79917080C12}.Release|Any CPU.Build.0 = Release|Any CPU
	EndGlobalSection
	GlobalSection(SolutionProperties) = preSolution
		HideSolutionNode = FALSE
	EndGlobalSection
	GlobalSection(ExtensibilityGlobals) = postSolution
		SolutionGuid = {325181C3-9109-46B2-98B3-8CC546EFEA5C}
	EndGlobalSection
EndGlobal
